
Microsoft Visual Studio Solution File, Format Version 12.00
# Visual Studio Version 17
VisualStudioVersion = 17.5.33424.131
MinimumVisualStudioVersion = 10.0.40219.1
Project("{8BC9CEB8-8B4A-11D0-8D11-00A0C91BC942}") = "System", "System\System.vcxproj", "{F22377F4-F35D-4B49-AB34-422B3245BD4E}"
EndProject
Global
	GlobalSection(SolutionConfigurationPlatforms) = preSolution
		Debug|x64 = Debug|x64
		Debug|x86 = Debug|x86
		Release|x64 = Release|x64
		Release|x86 = Release|x86
	EndGlobalSection
	GlobalSection(ProjectConfigurationPlatforms) = postSolution
		{F22377F4-F35D-4B49-AB34-422B3245BD4E}.Debug|x64.ActiveCfg = Debug|x64
		{F22377F4-F35D-4B49-AB34-422B3245BD4E}.Debug|x64.Build.0 = Debug|x64
		{F22377F4-F35D-4B49-AB34-422B3245BD4E}.Debug|x86.ActiveCfg = Debug|Win32
		{F22377F4-F35D-4B49-AB34-422B3245BD4E}.Debug|x86.Build.0 = Debug|Win32
		{F22377F4-F35D-4B49-AB34-422B3245BD4E}.Release|x64.ActiveCfg = Release|x64
		{F22377F4-F35D-4B49-AB34-422B3245BD4E}.Release|x64.Build.0 = Release|x64
		{F22377F4-F35D-4B49-AB34-422B3245BD4E}.Release|x86.ActiveCfg = Release|Win32
		{F22377F4-F35D-4B49-AB34-422B3245BD4E}.Release|x86.Build.0 = Release|Win32
	EndGlobalSection
	GlobalSection(SolutionProperties) = preSolution
		HideSolutionNode = FALSE
	EndGlobalSection
	GlobalSection(ExtensibilityGlobals) = postSolution
		SolutionGuid = {9FD50324-10C8-4F11-9DE7-5A1D28ECE180}
	EndGlobalSection
EndGlobal
